charm.land/bubbles/v2 v2.2.1 h1:Fq1+qm5hV6GkvzLQDhCBpXXE5tLgvh1PRriCLwSvIQU=
charm.land/bubbles/v2 v2.2.1/go.mod h1:wdMgn+sje1KNXdwFizIWjbf328fIUBxqEmJ/vYPo8yc=
charm.land/bubbletea/v2 v2.0.9 h1:DpJCMWKgzQK8SJv4zbKKFHAI10ymWy/evClPFk0k0f8=
charm.land/bubbletea/v2 v2.0.9/go.mod h1:2SkdgoTXluXJHOUwAoRlRXF/28vklb1rFl6GcgV1/ss=
charm.land/huh/v2 v2.0.3 h1:2cJsMqEPwSywGHvdlKsJyQKPtSJLVnFKyFbsYZTlLkU=
charm.land/huh/v2 v2.0.3/go.mod h1:93eEveeeqn47MwiC3tf+2atZ2l7Is88rAtmZNZ8x9Wc=
charm.land/lipgloss/v2 v2.0.6 h1:EaGKeuA8FvF+v2BT5VmZd2LoYLaMZJXA5n34th8nCIQ=
charm.land/lipgloss/v2 v2.0.6/go.mod h1:ipDDJNSGa1hlwDtSfW1s2/xR8Vdhbut4PXh2zEKZd0Q=
cloud.google.com/go v0.123.0 h1:2NAUJwPR47q+E35uaJeYoNhuNEM9kM8SjgRgdeOJUSE=
cloud.google.com/go v0.123.0/go.mod h1:xBoMV08QcqUGuPW65Qfm1o9Y4zKZBpGS+7bImXLTAZU=
cloud.google.com/go/auth v0.23.2 h1:pxSCpfiji41hpzpPdMCftEUCezpgpqmmDdYiAjCKXxo=
cloud.google.com/go/auth v0.23.2/go.mod h1:4DhBRcqvtljQN3dJ57qtqbib5ZGCYE5f2crfiiC2EM0=
cloud.google.com/go/auth/oauth2adapt v0.2.8 h1:keo8NaayQZ6wimpNSmW5OPc283g65QNIiLpZnkHRbnc=
cloud.google.com/go/auth/oauth2adapt v0.2.8/go.mod h1:XQ9y31RkqZCcwJWNSx2Xvric3RrU88hAYYbjDWYDL+c=
cloud.google.com/go/compute/metadata v0.9.0 h1:pDUj4QMoPejqq20dK0Pg2N4yG9zIkYGdBtwLoEkH9Zs=
cloud.google.com/go/compute/metadata v0.9.0/go.mod h1:E0bWwX5wTnLPedCKqk3pJmVgCBSM6qQI1yTBdEb3C10=
cloud.google.com/go/firestore v1.25.0 h1:yY3rQKyQXNhnhETdseNayF6W1p4x0bdg9ZYS4hKJfOw=
cloud.google.com/go/firestore v1.25.0/go.mod h1:0PU6hj+r/QlhB6BLsRX+Kt/SYefTXrpYrBeHbYaSis8=
cloud.google.com/go/longrunning v1.2.0 h1:WjYH3YHBGCxGJP9M4dWGHBfXr/cFIjMkNgWcJj7/iMM=
cloud.google.com/go/longrunning v1.2.0/go.mod h1:5KMQALFGOCtFoi2xSOA1u3H7WKlhmckgiyFw7+LGQp0=
github.com/MakeNowJust/heredoc v1.0.0 h1:cXCdzVdstXyiTqTvfqk9SDHpKNjxuom+DOlyEeQ4pzQ=
github.com/MakeNowJust/heredoc v1.0.0/go.mod h1:mG5amYoWBHf8vpLOuehzbGGw0EHxpZZ6lCpQ4fNJ8LE=
github.com/RoaringBitmap/roaring/v2 v2.26.0 h1:K30ZxF4vZcIKvJsbmgfiep2K64f+dILJqkYGoj4xnwU=
github.com/RoaringBitmap/roaring/v2 v2.26.0/go.mod h1:BZufmFbox589n3j5eOmyTaLSGXbRLc2LmQvjKjzSEGU=
github.com/RoaringBitmap/roaring/v2 v2.27.0 h1:rTzs+cuH9YBj6j4L9GF2DcK2NmOfdUvLI+ZFhyLy8g8=
github.com/RoaringBitmap/roaring/v2 v2.27.0/go.mod h1:BZufmFbox589n3j5eOmyTaLSGXbRLc2LmQvjKjzSEGU=
github.com/alexsergivan/transliterator v1.0.1 h1:vON2ilWCHjq+S5Y4obhLGhHK4Y1VIhsHEtQlij5d9pI=
github.com/alexsergivan/transliterator v1.0.1/go.mod h1:0IrumukulURJ4PD0z6UcdJKP2job1DYDhnHAP5y+5pE=
github.com/anthropics/anthropic-sdk-go v1.61.0 h1:JRTnm1tPqn5xo1xd1zfrcFDlcoWXVMvV1K68YmhpZKw=
github.com/anthropics/anthropic-sdk-go v1.61.0/go.mod h1:3EfIfmFqxH6rbiLcIP4tPFyXL/IHakx2wDG4OU+TIEI=
github.com/atotto/clipboard v0.1.4 h1:EH0zSVneZPSuFR11BlR9YppQTVDbh5+16AmcJi4g1z4=
github.com/atotto/clipboard v0.1.4/go.mod h1:ZY9tmq7sm5xIbd9bOK4onWV4S6X0u6GY7Vn0Yu86PYI=
github.com/aymanbagabas/go-udiff v0.4.1 h1:OEIrQ8maEeDBXQDoGCbbTTXYJMYRCRO1fnodZ12Gv5o=
github.com/aymanbagabas/go-udiff v0.4.1/go.mod h1:0L9PGwj20lrtmEMeyw4WKJ/TMyDtvAoK9bf2u/mNo3w=
github.com/bahlo/generic-list-go v0.2.0 h1:5sz/EEAK+ls5wF+NeqDpk5+iNdMDXrh3z3nPnH1Wvgk=
github.com/bahlo/generic-list-go v0.2.0/go.mod h1:2KvAjgMlE5NNynlg/5iLrrCCZ2+5xWbdbCW3pNTGyYg=
github.com/bits-and-blooms/bitset v1.24.6 h1:qcrftZUVBIwfs+m+nhoCBAPT+ZPZZjti8SbHbDQQkZ4=
github.com/bits-and-blooms/bitset v1.24.6/go.mod h1:7hO7Gc7Pp1vODcmWvKMRA9BNmbv6a/7QIWpPxHddWR8=
github.com/bots-go-framework/bots-fw v0.77.9 h1:CpgLwGYwescjjZlLzE/8n1KhT5ZbVhuVCrCzLokgji8=
github.com/bots-go-framework/bots-fw v0.77.9/go.mod h1:Ng+4rLNYxCgFPPQ/SDwniCLqKG+psja8OC7OruolWo4=
github.com/bots-go-framework/bots-fw-store v0.14.1 h1:uo+jEI16A/7oiZzxPdom0q1fXXmc/xOsRYypu3CkHGM=
github.com/bots-go-framework/bots-fw-store v0.14.1/go.mod h1:0yS6Pg516jHIrIInv+kvWRWxXNGGqR4tlvRua8GfT20=
github.com/bots-go-framework/bots-go-core v0.3.2 h1:QzugMQGvARBVL72dPJYazS8peBny40XtM8MvNKDy4WE=
github.com/bots-go-framework/bots-go-core v0.3.2/go.mod h1:Q06HjfraLL7Dih3sjVukLXk64W2zzH0791fpU92z59M=
github.com/buger/jsonparser v1.6.1 h1:I0phFv0PlbLHnM7TZAVjZ2MJ2/eWRTDyuO7GLR98IEs=
github.com/buger/jsonparser v1.6.1/go.mod h1:6RYKKt7H4d4+iWqouImQ9R2FZql3VbhNgx27UK13J/0=
github.com/catppuccin/go v0.3.0 h1:d+0/YicIq+hSTo5oPuRi5kOpqkVA5tAsU6dNhvRu+aY=
github.com/catppuccin/go v0.3.0/go.mod h1:8IHJuMGaUUjQM82qBrGNBv7LFq6JI3NnQCF6MOlZjpc=
github.com/cespare/xxhash/v2 v2.3.0 h1:UL815xU9SqsFlibzuggzjXhog7bL6oX9BbNZnL2UFvs=
github.com/cespare/xxhash/v2 v2.3.0/go.mod h1:VGX0DQ3Q6kWi7AoAeZDth3/j3BFtOZR5XLFGgcrjCOs=
github.com/charmbracelet/colorprofile v0.4.3 h1:QPa1IWkYI+AOB+fE+mg/5/4HRMZcaXex9t5KX76i20Q=
github.com/charmbracelet/colorprofile v0.4.3/go.mod h1:/zT4BhpD5aGFpqQQqw7a+VtHCzu+zrQtt1zhMt9mR4Q=
github.com/charmbracelet/ultraviolet v0.0.0-20260811164956-006e29f97886 h1:rdnVWKgJpTVXKuKuJyxDJ+NFJdUaUqGvyGy61OcvlbA=
github.com/charmbracelet/ultraviolet v0.0.0-20260811164956-006e29f97886/go.mod h1:nAw0d9PhFp1qdzi2xhQU5YOu5sVpDIHWlaW2Uz/bCro=
github.com/charmbracelet/x/ansi v0.11.8 h1:JMFwp0CgDC2+jcOB162HH5k7I3FVbgFSMMYg7dSPBQQ=
github.com/charmbracelet/x/ansi v0.11.8/go.mod h1:ZNN+3mXny/516oTQPLMPIBeSINvNJJQ8uQXDgbeJxY0=
github.com/charmbracelet/x/conpty v0.1.1 h1:s1bUxjoi7EpqiXysVtC+a8RrvPPNcNvAjfi4jxsAuEs=
github.com/charmbracelet/x/conpty v0.1.1/go.mod h1:OmtR77VODEFbiTzGE9G1XiRJAga6011PIm4u5fTNZpk=
github.com/charmbracelet/x/errors v0.0.0-20240508181413-e8d8b6e2de86 h1:JSt3B+U9iqk37QUU2Rvb6DSBYRLtWqFqfxf8l5hOZUA=
github.com/charmbracelet/x/errors v0.0.0-20240508181413-e8d8b6e2de86/go.mod h1:2P0UgXMEa6TsToMSuFqKFQR+fZTO9CNGUNokkPatT/0=
github.com/charmbracelet/x/exp/golden v0.0.0-20250806222409-83e3a29d542f h1:pk6gmGpCE7F3FcjaOEKYriCvpmIN4+6OS/RD0vm4uIA=
github.com/charmbracelet/x/exp/golden v0.0.0-20250806222409-83e3a29d542f/go.mod h1:IfZAMTHB6XkZSeXUqriemErjAWCCzT0LwjKFYCZyw0I=
github.com/charmbracelet/x/exp/ordered v0.1.0 h1:55/qLwjIh0gL0Vni+QAWk7T/qRVP6sBf+2agPBgnOFE=
github.com/charmbracelet/x/exp/ordered v0.1.0/go.mod h1:5UHwmG+is5THxMyCJHNPCn2/ecI07aKNrW+LcResjJ8=
github.com/charmbracelet/x/exp/strings v0.1.0 h1:i69S2XI7uG1u4NLGeJPSYU++Nmjvpo9nwd6aoEm7gkA=
github.com/charmbracelet/x/exp/strings v0.1.0/go.mod h1:/ehtMPNh9K4odGFkqYJKpIYyePhdp1hLBRvyY4bWkH8=
github.com/charmbracelet/x/term v0.2.2 h1:xVRT/S2ZcKdhhOuSP4t5cLi5o+JxklsoEObBSgfgZRk=
github.com/charmbracelet/x/term v0.2.2/go.mod h1:kF8CY5RddLWrsgVwpw4kAa6TESp6EB5y3uxGLeCqzAI=
github.com/charmbracelet/x/termios v0.1.1 h1:o3Q2bT8eqzGnGPOYheoYS8eEleT5ZVNYNy8JawjaNZY=
github.com/charmbracelet/x/termios v0.1.1/go.mod h1:rB7fnv1TgOPOyyKRJ9o+AsTU/vK5WHJ2ivHeut/Pcwo=
github.com/charmbracelet/x/windows v0.2.2 h1:IofanmuvaxnKHuV04sC0eBy/smG6kIKrWG2/jYn2GuM=
github.com/charmbracelet/x/windows v0.2.2/go.mod h1:/8XtdKZzedat74NQFn0NGlGL4soHB0YQZrETF96h75k=
github.com/charmbracelet/x/xpty v0.1.3 h1:eGSitii4suhzrISYH50ZfufV3v085BXQwIytcOdFSsw=
github.com/charmbracelet/x/xpty v0.1.3/go.mod h1:poPYpWuLDBFCKmKLDnhBp51ATa0ooD8FhypRwEFtH3Y=
github.com/clipperhouse/displaywidth v0.11.0 h1:lBc6kY44VFw+TDx4I8opi/EtL9m20WSEFgwIwO+UVM8=
github.com/clipperhouse/displaywidth v0.11.0/go.mod h1:bkrFNkf81G8HyVqmKGxsPufD3JhNl3dSqnGhOoSD/o0=
github.com/clipperhouse/uax29/v2 v2.7.0 h1:+gs4oBZ2gPfVrKPthwbMzWZDaAFPGYK72F0NJv2v7Vk=
github.com/clipperhouse/uax29/v2 v2.7.0/go.mod h1:EFJ2TJMRUaplDxHKj1qAEhCtQPW2tJSwu5BF98AuoVM=
github.com/cncf/xds/go v0.0.0-20260202195803-dba9d589def2 h1:aBangftG7EVZoUb69Os8IaYg++6uMOdKK83QtkkvJik=
github.com/cncf/xds/go v0.0.0-20260202195803-dba9d589def2/go.mod h1:qwXFYgsP6T7XnJtbKlf1HP8AjxZZyzxMmc+Lq5GjlU4=
github.com/cpuguy83/go-md2man/v2 v2.0.6/go.mod h1:oOW0eioCTA6cOiMLiUPZOpcVxMig6NIQQ7OS05n1F4g=
github.com/creack/pty v1.1.24 h1:bJrF4RRfyJnbTJqzRLHzcGaZK1NeM5kTC9jGgovnR1s=
github.com/creack/pty v1.1.24/go.mod h1:08sCNb52WyoAwi2QDyzUCTgcvVFhUzewun7wtTfvcwE=
github.com/crediterra/money v0.3.6 h1:ovuADrdhF+dioUZuRUXJ2jTJeaYmS4JSpkOT9HO+Mk4=
github.com/crediterra/money v0.3.6/go.mod h1:0BT7dzPk4Wv+Wi8J6sxlFbCknYioLWVVQM4ciMJh6TI=
github.com/crediterra/money v0.4.0 h1:HYnNINcEweVcpyxU7SFWK3jRnyCYCXtUuVJ8mc/QKOs=
github.com/crediterra/money v0.4.0/go.mod h1:v1LjiUrGIVmK0L070iz4ghVDhqVGiyd9vNX0XJOLGak=
github.com/dal-go/dalgo v0.74.2 h1:i80DdaEG617Ki93hTrT6WSpmP/Pb3Siosxkkrtymi78=
github.com/dal-go/dalgo v0.74.2/go.mod h1:ffWy4OC32BDoseIh+9KF/W9VUGk3FfkAtIvUzUf1zAY=
github.com/dal-go/dalgo v0.79.4 h1:gP+s77B8OWKhLN733O9g0QK2XB1tgePfnQYo3qtYGPQ=
github.com/dal-go/dalgo v0.79.4/go.mod h1:t7F7LJGIHd4DOtQ0pJiGdGdznaqM70lfS9PVG9iSZOU=
github.com/dal-go/dalgo2firestore v0.10.14 h1:1pJOPUrQduv9EmsTeb4IB1rCX9kIyVQmXKNIC6bcxeY=
github.com/dal-go/dalgo2firestore v0.10.14/go.mod h1:r7snwQQ0H+/zjJlUQPxdm24nPMPoIpcYROOlbbv14cU=
github.com/dal-go/dalgo2firestore v0.10.17 h1:0HwWTQrtivLVzIYpIg0I35S/AWCdiNSMU7YuFqDleVk=
github.com/dal-go/dalgo2firestore v0.10.17/go.mod h1:T42wK2dREijcM5lkGksZx3+8YhuDp32RVrb3n0ZpHy4=
github.com/dal-go/dalgo2openvaultdb v0.3.1 h1:qBMdpNLA+FP5xJgLxiQnj2jWvKOdptSSGJg6Ool0cOQ=
github.com/dal-go/dalgo2openvaultdb v0.3.1/go.mod h1:sFJcAexWffx7RadCv0/ZlzA9h9EKnOJ0kUJVB2xO7PQ=
github.com/dal-go/record v0.1.3 h1:K85k/kSX08lTefMiMmPpC12nmCY2TVJk7+ZyC5PD9XU=
github.com/dal-go/record v0.1.3/go.mod h1:quwsVJTT0f6y3Mhx+yHpTobY7luX1M6kyO6fdJ/AFYE=
github.com/davecgh/go-spew v1.1.0/go.mod h1:J7Y8YcW2NihsgmVo/mv3lAwl/skON4iLHjSsI+c5H38=
github.com/dnaeon/go-vcr v1.2.0 h1:zHCHvJYTMh1N7xnV7zf1m1GPBF9Ad0Jk/whtQ1663qI=
github.com/dnaeon/go-vcr v1.2.0/go.mod h1:R4UdLID7HZT3taECzJs4YgbbH6PIGXB6W/sc5OLb6RQ=
github.com/dustin/go-humanize v1.0.1 h1:GzkhY7T5VNhEkwH0PVJgjz+fX1rhBrR7pRT3mDkpeCY=
github.com/dustin/go-humanize v1.0.1/go.mod h1:Mu1zIs6XwVuF/gI1OepvI0qD18qycQx+mFykh5fBlto=
github.com/envoyproxy/go-control-plane v0.14.0 h1:hbG2kr4RuFj222B6+7T83thSPqLjwBIfQawTkC++2HA=
github.com/envoyproxy/go-control-plane/envoy v1.37.0 h1:u3riX6BoYRfF4Dr7dwSOroNfdSbEPe9Yyl09/B6wBrQ=
github.com/envoyproxy/go-control-plane/envoy v1.37.0/go.mod h1:DReE9MMrmecPy+YvQOAOHNYMALuowAnbjjEMkkWOi6A=
github.com/envoyproxy/protoc-gen-validate v1.3.3 h1:MVQghNeW+LZcmXe7SY1V36Z+WFMDjpqGAGacLe2T0ds=
github.com/envoyproxy/protoc-gen-validate v1.3.3/go.mod h1:TsndJ/ngyIdQRhMcVVGDDHINPLWB7C82oDArY51KfB0=
github.com/felixge/httpsnoop v1.1.0 h1:3YtUj32ZZkqZtt3sZZsClsymw/QDuVfpNhoA31zeORc=
github.com/felixge/httpsnoop v1.1.0/go.mod h1:Zqxgdd+1Rkcz8euOqdr7lqgCRJztwr5hp9vDSi5UZCE=
github.com/go-logr/logr v1.2.2/go.mod h1:jdQByPbusPIv2/zmleS9BjJVeZ6kBagPoEUsqbVz/1A=
github.com/go-logr/logr v1.4.4 h1:tG4xh9yMsRCAiodLVTxyrkzSZ9+o0L1Kg/+cPVcbP/8=
github.com/go-logr/logr v1.4.4/go.mod h1:9T104GzyrTigFIr8wt5mBrctHMim0Nb2HLGrmQ40KvY=
github.com/go-logr/stdr v1.2.2 h1:hSWxHoqTgW2S2qGc0LTAI563KZ5YKYRhT3MFKZMbjag=
github.com/go-logr/stdr v1.2.2/go.mod h1:mMo/vtBO5dYbehREoey6XUKy/eSumjCCveDpRre4VKE=
github.com/golang/protobuf v1.5.4 h1:i7eJL8qZTpSEXOPTxNKhASYpMn+8e5Q6AdndVa1dWek=
github.com/golang/protobuf v1.5.4/go.mod h1:lnTiLA8Wa4RWRcIUkrtSVa5nRhsEGBg48fD6rSs7xps=
github.com/google/go-cmp v0.7.0 h1:wk8382ETsv4JYUZwIsn6YpYiWiBsYLSJiTsyBybVuN8=
github.com/google/go-cmp v0.7.0/go.mod h1:pXiqmnSA92OHEEa9HXL2W4E7lf9JzCmGVUdgjX3N/iU=
github.com/google/s2a-go v0.1.9 h1:LGD7gtMgezd8a/Xak7mEWL0PjoTQFvpRudN895yqKW0=
github.com/google/s2a-go v0.1.9/go.mod h1:YA0Ei2ZQL3acow2O62kdp9UlnvMmU7kA6Eutn0dXayM=
github.com/google/uuid v1.6.0 h1:NIvaJDMOsjHA8n1jAhLSgzrAzy1Hgr+hNrb57e+94F0=
github.com/google/uuid v1.6.0/go.mod h1:TIyPZe4MgqvfeYDBFedMoGGpEw/LqOeaOT+nhxU+yHo=
github.com/googleapis/enterprise-certificate-proxy v0.3.20 h1:t/xL64VUoN69MuMRQuJETqYGOw4Z9mSRJK9epIEtwFk=
github.com/googleapis/enterprise-certificate-proxy v0.3.20/go.mod h1:L3D/IQExI6LqEjBdXcZQ1WluSgigQmSwBboFstVPM4w=
github.com/googleapis/gax-go/v2 v2.24.0 h1:myMaPYyF9MecEmvQqMqomIwn9t/4KCZN9qnwsS76wlg=
github.com/googleapis/gax-go/v2 v2.24.0/go.mod h1:IaTHBDd7NHxSCiu0vEs8pQZu4dGZrWwuSoxCnk16OFM=
github.com/inconshreveable/mousetrap v1.1.0 h1:wN+x4NVGpMsO7ErUn/mUI3vEoE6Jt13X2s0bqwp9tc8=
github.com/inconshreveable/mousetrap v1.1.0/go.mod h1:vpF70FUmC8bwa3OWnCshd2FqLfsEA9PFc4w1p2J65bw=
github.com/invopop/jsonschema v0.14.0 h1:MHQqLhvpNUZfw+hM3AZDYK7jxO8FZoQeQM77g8iyZjg=
github.com/invopop/jsonschema v0.14.0/go.mod h1:ygm6C2EaVNMBDPpaPlnOA2pFAxBnxGjFlMZABxm9n2I=
github.com/kr/pretty v0.3.1 h1:flRD4NNwYAUpkphVc1HcthR4KEIFJ65n8Mw5qdRn3LE=
github.com/kr/pretty v0.3.1/go.mod h1:hoEshYVHaxMs3cyo3Yncou5ZscifuDolrwPKZanG3xk=
github.com/kr/text v0.2.0 h1:5Nx0Ya0ZqY2ygV366QzturHI13Jq95ApcVaJBhpS+AY=
github.com/kr/text v0.2.0/go.mod h1:eLer722TekiGuMkidMxC/pM04lWEeraHUUmBw8l2grE=
github.com/kylelemons/godebug v1.1.0 h1:RPNrshWIDI6G2gRW9EHilWtl7Z6Sb1BR0xunSBf0SNc=
github.com/kylelemons/godebug v1.1.0/go.mod h1:9/0rRGxNHcop5bhtWyNeEfOS8JIWk580+fNqagV/RAw=
github.com/lucasb-eyer/go-colorful v1.4.1 h1:1EO+WB73+EH8EVbzlrG3KLAfEypQWVHIBqlTf+2hNss=
github.com/lucasb-eyer/go-colorful v1.4.1/go.mod h1:R4dSotOR9KMtayYi1e77YzuveK+i7ruzyGqttikkLy0=
github.com/mattn/go-runewidth v0.0.27 h1:Feg/Oou5zI/wnpgDF6omIU0OokC9GxLC/WRknhVlIR0=
github.com/mattn/go-runewidth v0.0.27/go.mod h1:3qAiGCV4Koz/yuveO58qUefmUTRm8r0IGEXZ9jeHp/8=
github.com/mitchellh/hashstructure/v2 v2.0.2 h1:vGKWl0YJqUNxE8d+h8f6NJLcCJrgbhC4NcD46KavDd4=
github.com/mitchellh/hashstructure/v2 v2.0.2/go.mod h1:MG3aRVU/N29oo/V/IhBX8GR/zz4kQkprJgF2EVszyDE=
github.com/mschoch/smat v0.2.0 h1:8imxQsjDm8yFEAVBe7azKmKSgzSkZXDuKkSq9374khM=
github.com/mschoch/smat v0.2.0/go.mod h1:kc9mz7DoBKqDyiRL7VZN8KvXQMWeTaVnttLRXOlotKw=
github.com/muesli/cancelreader v0.2.2 h1:3I4Kt4BQjOR54NavqnDogx/MIoWBFa0StPA8ELUXHmA=
github.com/muesli/cancelreader v0.2.2/go.mod h1:3XuTXfFS2VjM+HTLZY9Ak0l6eUKfijIfMUZ4EgX0QYo=
github.com/pb33f/ordered-map/v2 v2.3.1 h1:5319HDO0aw4DA4gzi+zv4FXU9UlSs3xGZ40wcP1nBjY=
github.com/pb33f/ordered-map/v2 v2.3.1/go.mod h1:qxFQgd0PkVUtOMCkTapqotNgzRhMPL7VvaHKbd1HnmQ=
github.com/pkg/errors v0.9.1 h1:FEBLx1zS214owpjy7qsBeixbURkuhQAwrK5UwLGTwt4=
github.com/pkg/errors v0.9.1/go.mod h1:bwawxfHBFNV+L2hUp1rHADufV3IMtnDRdf1r5NINEl0=
github.com/planetscale/vtprotobuf v0.6.1-0.20240319094008-0393e58bdf10 h1:GFCKgmp0tecUJ0sJuv4pzYCqS9+RGSn52M3FUwPs+uo=
github.com/planetscale/vtprotobuf v0.6.1-0.20240319094008-0393e58bdf10/go.mod h1:t/avpk3KcrXxUnYOhZhMXJlSEyie6gQbtLq5NM3loB8=
github.com/pmezard/go-difflib v1.0.0/go.mod h1:iKH77koFhYxTK1pcRnkKkqfTogsbg7gZNVY4sRDYZ/4=
github.com/rivo/uniseg v0.4.7 h1:WUdvkW8uEhrYfLC4ZzdpI2ztxP1I582+49Oc5Mq64VQ=
github.com/rivo/uniseg v0.4.7/go.mod h1:FN3SvrM+Zdj16jyLfmOkMNblXMcoc8DfTHruCPUcx88=
github.com/rogpeppe/go-internal v1.14.1 h1:UQB4HGPB6osV0SQTLymcB4TgvyWu6ZyliaW0tI/otEQ=
github.com/rogpeppe/go-internal v1.14.1/go.mod h1:MaRKkUm5W0goXpeCfT7UZI6fk/L7L7so1lCWt35ZSgc=
github.com/russross/blackfriday/v2 v2.1.0/go.mod h1:+Rmxgy9KzJVeS9/2gXHxylqXiyQDYRxCVz55jmeOWTM=
github.com/sahilm/fuzzy v0.1.3 h1:juByESSS32nVD81vr6tHmKmA/8zde7gE+x5CLxrzXPU=
github.com/sahilm/fuzzy v0.1.3/go.mod h1:au6//VbVSqu6DFrkL2CfjlJ5iURpNCPeE+1GwY3XsT8=
github.com/sneat-co/assetus/backend v0.8.2 h1:3292/wXLV/U3uvdFJRWcGN7ubr1tSVdF/s4uaRuh0Wk=
github.com/sneat-co/assetus/backend v0.8.2/go.mod h1:STi2QSORzHDeuj0o1AN+l41mcfKdFb4OuQIGwQGzQOw=
github.com/sneat-co/calendarius/backend v0.6.5 h1:3/Q6DIjgmqIPPkVklOMz+9ambhoP6sobIINneTrwk9U=
github.com/sneat-co/calendarius/backend v0.6.5/go.mod h1:d3yADYB8a4zGR7S3Dxy6qDiZAs74Bw80MuaPLXN9FxQ=
github.com/sneat-co/calendarius/backend v0.10.1 h1:UzQM5R6RqgWEthGXwRmsTsHoHu4QIg96jqrLNGRApRQ=
github.com/sneat-co/calendarius/backend v0.10.1/go.mod h1:yiC5obwZXOmyVYI/Z1iToE1zrF6bm7xb6pR623tZDhk=
github.com/sneat-co/commitius/backend v0.8.0 h1:Y8PjQmbxnfiyMkEm/yD63DkVIyZEx7q13vXS77edJR4=
github.com/sneat-co/commitius/backend v0.8.0/go.mod h1:a0mRvhg/m8EezgETCR1GBXmHskRWiEvc+pUMbTPC/uE=
github.com/sneat-co/contactus/backend v0.1.14 h1:N43a/gjMA3zHst1LUMkO32ntqwDQqCURFJfIV7Aj2yM=
github.com/sneat-co/contactus/backend v0.1.14/go.mod h1:6Qb3Jd82JCugiFHM5z29QHupkS2jJgXKZJi/kdmi+Ss=
github.com/sneat-co/contactus/backend v0.3.6 h1:bTLescP5cAgSShx8eHvrYSrXqlwyO/9eFsVvAu0Mqlg=
github.com/sneat-co/contactus/backend v0.3.6/go.mod h1:QKQOBwPRX03oMPVeOB2oWEFlYTEOZ7ychOuvAzEoYdo=
github.com/sneat-co/listus/backend v0.1.14 h1:1jJpT9dKuGy6oHwyFc5P7tPgzRkYf0iu3B9oNi1URfc=
github.com/sneat-co/listus/backend v0.1.14/go.mod h1:Xp4JK5uVm84BOQgaKHj0+eYnab+5e8Q+mfHBa1stcKU=
github.com/sneat-co/sneat-bots v0.30.10 h1:W391gwH2ospU6TEjVequpF1OMrzSV07fIwuZBMq1nLU=
github.com/sneat-co/sneat-bots v0.30.10/go.mod h1:bDRfl1BtTsyrV8QZcqbxXgodLVOAjpEYLo37STq2g9A=
github.com/sneat-co/sneat-bots v0.30.26 h1:MJjj9WcnUY5qu5zPX6tlTfR6tUxbjl/MJ5kKNctbrr8=
github.com/sneat-co/sneat-bots v0.30.26/go.mod h1:IpeRUz8+Lw4Jno7N4VGnsR96t/RtsdJ8/Zb1wvSIVjA=
github.com/sneat-co/sneat-core-modules v0.65.13 h1:vWRVd2pDQoyq3G2jpFCYLl+OMQlF84OacuXNLaMijPI=
github.com/sneat-co/sneat-core-modules v0.65.13/go.mod h1:1Av8i15j4Cn+QR6d+1t911BQBaXrOgaHyVKoJ3yEKrM=
github.com/sneat-co/sneat-core-modules v0.72.6 h1:x0a7R1BSKPcdVPvnkvLvQ2AhJlNRWSehVTx9YdkQ/nM=
github.com/sneat-co/sneat-core-modules v0.72.6/go.mod h1:G7LemGvMDnPK3iGbSS9jUeX0UWlkmY+e6MA17WtWb1g=
github.com/sneat-co/sneat-ext-contracts/calendarius v0.27.3 h1:Y7B4MOvk6uJGa5Vh/oVrcLTbawcQAWOPNc2NPzVONCo=
github.com/sneat-co/sneat-ext-contracts/calendarius v0.27.3/go.mod h1:IAV5DWmnGgCauw1vBexc7oRRkWfsT+bv1/sZ7aS5XzY=
github.com/sneat-co/sneat-ext-contracts/calendarius v0.27.6 h1:mrr41LFO0VvfW1Ww6J1i+qbTNjGirfHRjcpdRfavo8U=
github.com/sneat-co/sneat-ext-contracts/calendarius v0.27.6/go.mod h1:IAV5DWmnGgCauw1vBexc7oRRkWfsT+bv1/sZ7aS5XzY=
github.com/sneat-co/sneat-ext-contracts/contactus v0.12.4 h1:qP0bu62EMJ0VKYIUNVKN8Y21tSfEgmwAj9hPU9rNn9E=
github.com/sneat-co/sneat-ext-contracts/contactus v0.12.4/go.mod h1:XVBZyG6/VU80XR5MTH8k4z3ItX00IyMDpvUOOcUhts4=
github.com/sneat-co/sneat-ext-contracts/contactus v0.12.9 h1:07WRakFI7Ca/HwAwMTCGFnk5CKjwZ63hb07lL/S0xCk=
github.com/sneat-co/sneat-ext-contracts/contactus v0.12.9/go.mod h1:XVBZyG6/VU80XR5MTH8k4z3ItX00IyMDpvUOOcUhts4=
github.com/sneat-co/sneat-ext-contracts/listus v0.0.6 h1:ZpR6sROe6hoPxQGz3zIP3VDczT2F68Rl4lC3cRJ6+yg=
github.com/sneat-co/sneat-ext-contracts/listus v0.0.6/go.mod h1:hZKhiGnJnTPgxKY3mJ3qhtSkHbKyXKfRS0rYt0x9Ebk=
github.com/sneat-co/sneat-ext-contracts/trackus v0.1.1 h1:XisJ6u0OrhZgtuoRB2kNJER8tQS53tVTlubMllEUWgc=
github.com/sneat-co/sneat-ext-contracts/trackus v0.1.1/go.mod h1:2NwlFiOgm86h7enEAOXekQ5eqJwZf1SxQ18rOffQS40=
github.com/sneat-co/sneat-go-core v0.66.7 h1:z600Kod/W96b6tVGjWWMsemSIJiR/wmi8wcHzsq391s=
github.com/sneat-co/sneat-go-core v0.66.7/go.mod h1:bqDydgjc7OVAQRQbkTE8YVNZRU/186c5SCZqMFvboNA=
github.com/sneat-co/sneat-go-core v0.68.0 h1:n94hYJxl3XPFdmjpar1bx7UsQyCQluCpjYWQL5K1x8o=
github.com/sneat-co/sneat-go-core v0.68.0/go.mod h1:GPwMYQudxpBkeOn5ccCXobsMKRsd6EADNfxFez1/oO8=
github.com/sneat-co/sneat-go-core/convospec v0.1.2 h1:Mf+dFH0c9c2GlpFWP+sc3KRuOmcK0fw4yPbMPXBMkL4=
github.com/sneat-co/sneat-go-core/convospec v0.1.2/go.mod h1:Ju/+fggN9yJ1C7/q+o81qulm8xUBVUvAQ75yaohPTgE=
github.com/sneat-co/sneat-translations v0.10.5 h1:xk0OWTBCPrge3YId7ABTPTzvCzoywuanmIwlwU8Oxic=
github.com/sneat-co/sneat-translations v0.10.5/go.mod h1:8d5RllSAaYG1C212J0FXN9KEmt2Oc9wqNOCeJhNN0kk=
github.com/sneat-co/trackus/backend v0.1.7 h1:zwAZjhf7PJCPY24MFai4WaLgDTv/uX7QxzcUhdHCaR4=
github.com/sneat-co/trackus/backend v0.1.7/go.mod h1:vYbh50T74HW0cx2RYpHLjq5QPrcsakisZTjygsjjUEg=
github.com/spf13/cobra v1.10.2 h1:DMTTonx5m65Ic0GOoRY2c16WCbHxOOw6xxezuLaBpcU=
github.com/spf13/cobra v1.10.2/go.mod h1:7C1pvHqHw5A4vrJfjNwvOdzYu0Gml16OCs2GRiTUUS4=
github.com/spf13/pflag v1.0.9/go.mod h1:McXfInJRrz4CZXVZOBLb0bTZqETkiAhM9Iw0y3An2Bg=
github.com/spf13/pflag v1.0.10 h1:4EBh2KAYBwaONj6b2Ye1GiHfwjqyROoF4RwYO+vPwFk=
github.com/spf13/pflag v1.0.10/go.mod h1:McXfInJRrz4CZXVZOBLb0bTZqETkiAhM9Iw0y3An2Bg=
github.com/standard-webhooks/standard-webhooks/libraries v0.0.1 h1:uOfcYT+3QungH6tIGSVCR/Y3KJmgJiHcojJbMTPDZAI=
github.com/standard-webhooks/standard-webhooks/libraries v0.0.1/go.mod h1:L1MQhA6x4dn9r007T033lsaZMv9EmBAdXyU/+EF40fo=
github.com/stretchr/objx v0.1.0/go.mod h1:HFkY916IF+rwdDfMAkV7OtwuqBVzrE8GR6GFx+wExME=
github.com/stretchr/testify v1.5.1/go.mod h1:5W2xD1RspED5o8YsWQXVCued0rvSQ+mT+I5cxcmMvtA=
github.com/stretchr/testify v1.12.1 h1:EuwCh5fleGS7H32xRwO3wRGT7DxrDhLAT6FF8MpWDWE=
github.com/stretchr/testify v1.12.1/go.mod h1:MDEgiDPPsNp5cuIrHPPCyornHKgEVbtFUmoNlxoYthg=
github.com/strongo/analytics v0.2.5 h1:wNobPTa5C9hQUembtVYEXHIGGBWO29H0iUhTicR9CEo=
github.com/strongo/analytics v0.2.5/go.mod h1:UcOgf57sMznb4zRxLA827+lC+HX6WWBU30YIQmbNwu0=
github.com/strongo/analytics v0.2.8 h1:h0snZrFba1DDI7H/RcePbq3V8MeuOrZFC8kj5ZJkp/I=
github.com/strongo/analytics v0.2.8/go.mod h1:/pf7goR1CZtkvZHrJH5sXpJJl6IAefWCx82eSGUZ2V0=
github.com/strongo/buildinfo v0.2.0 h1:4lVoCUfUbwJN8EbqFNQ1oYdBnjKrKRx6FlLVrTPSleI=
github.com/strongo/buildinfo v0.2.0/go.mod h1:JpxZ3Jku81LJC1RNIqCNYwguDzLk90eemxUXx4JnSlA=
github.com/strongo/decimal v0.1.2 h1:/LHdX9zJTUPpEM2cuQhnwCWNWLCUwG0BJMyOetpryY8=
github.com/strongo/decimal v0.1.2/go.mod h1:uKFgetJbR2uT026stdbK54ELXTH9h0vZOPPOp7DAODk=
github.com/strongo/delaying v0.2.3 h1:hoocochAXXaP7nfw9JpFSOBc60yB9euJmpqQuDsqpAU=
github.com/strongo/delaying v0.2.3/go.mod h1:6PnWp2IL3UDo7tQyFVIOxBiIiHSj0eVZ6VfrleGNjzA=
github.com/strongo/delaying v0.2.6 h1:7JHbs/T3DdPFqTkY1SucofY+Oyff0uo/5dwxSr3Ivac=
github.com/strongo/delaying v0.2.6/go.mod h1:8Oyv0h5T8F3dsxDP86nDou2duPNwPvLIgQBWAv6JM08=
github.com/strongo/i18n v0.8.17 h1:Y3thZUP/uyNi8IUAURs6/qCbj/lYQfbUd1Z5cjogaTk=
github.com/strongo/i18n v0.8.17/go.mod h1:RrQLhkiM7lh1ioYnHIjy8balMM9shNjtZs+Rg3f0wao=
github.com/strongo/i18n v0.8.20 h1:3mScLMeVP1qfiYyi05u6dFJ3zL3/GCte8ytCV2S+1Dk=
github.com/strongo/i18n v0.8.20/go.mod h1:7BRe5UVQUIpBaATr/qvSbHVf/gH8iW0hAZSc4WO3maU=
github.com/strongo/logus v0.4.1 h1:jEkcT5JzawDYjexRVHkCQiG4tv6Bm2a/c/ZdLk0IPqM=
github.com/strongo/logus v0.4.1/go.mod h1:sd8gjJklqGQAg+Q0mlP5MWgzguAuxR25YYFSkfVOPdc=
github.com/strongo/logus v0.4.3 h1:hAT2VNAj41SXta7A2bRPmk/RgWXAO930faHga5Fc58w=
github.com/strongo/logus v0.4.3/go.mod h1:seJ+rxoeqfq1mS8LHlVfmS3ZfO+aTzeX0eW+zvpkH8U=
github.com/strongo/random v0.0.1 h1:OZHJBb/3uEa7OX8L2Dv2pLnSeewRmXMyTACoeto6O8I=
github.com/strongo/random v0.0.1/go.mod h1:/pSI+SjBNLBkjljNtVdYr6ERddA+LqSa87o0/s+9iuU=
github.com/strongo/random v0.0.2 h1:lnISBL6GM6xkWCJDRZRoOXaOUoytg76IyWkx6CLUHKg=
github.com/strongo/random v0.0.2/go.mod h1:V/TldevwaA3XYhJApc5kQUmpAVUZhoEcsdl5m1+emx4=
github.com/strongo/slice v0.3.9 h1:vhq04oDuM8bOyeD++XCrKFkUQpUWj2rlQjPlutXuKYU=
github.com/strongo/slice v0.3.9/go.mod h1:J04Kz987vAPO4ODHP2JoJ3TIxcUUyagEF4JxEmhXau8=
github.com/strongo/slice v0.3.10 h1:FeODEVCsR+1WHbw44eshB4++HhY1fNR9zJyJ6zns6zo=
github.com/strongo/slice v0.3.10/go.mod h1:XkxT6IjPgsI0LnuvFCQL6wPLZarQ8dzrGiuuehUtt1A=
github.com/strongo/strongoapp v0.31.56 h1:jtTS7XZFdvLyUl+9LiQ4qbrykeJ44R+uB4H8wx6ug4c=
github.com/strongo/strongoapp v0.31.56/go.mod h1:StuHWYUolxl8rrNHOBgj+yeDtaQUJQj5q9lAVzh/RkY=
github.com/strongo/strongoapp v0.31.58 h1:euJXe4sEsEm1IiO8hLrlpcE3pzpJsOYUP7Xc2yOD1lw=
github.com/strongo/strongoapp v0.31.58/go.mod h1:OBNGexSLAWM46owjTehTmBlkzhv2LOibbXqtWUdASnA=
github.com/strongo/validation v0.0.12 h1:HdJjY+RyjkdCKUILRo+Esbv0oGonGkDbaBiDD2TuBLs=
github.com/strongo/validation v0.0.12/go.mod h1:lAa/j9pnW2Bi5CRAr+6FYX3hocN6YjekWILa8wLOT/Y=
github.com/strongo/validation v0.0.13 h1:EgRfP5XBZSVoiOd4805OGCOVqZndeqFONpSmdSerEE8=
github.com/strongo/validation v0.0.13/go.mod h1:EY+//fgQhn6rr0rOvWRJuUCTSk5BIETZL2bL9CIDhbs=
github.com/tidwall/gjson v1.14.2/go.mod h1:/wbyibRr2FHMks5tjHJ5F8dMZh3AcwJEMf5vlfC0lxk=
github.com/tidwall/gjson v1.19.0 h1:xwxm7n691Uf3u5OFjzngavjGTh55KX5q/9w9xHW88JU=
github.com/tidwall/gjson v1.19.0/go.mod h1:V37/opeE/JbLUOfH0QTXiNez2l0RUjYUhpT4szFQAfc=
github.com/tidwall/match v1.1.1/go.mod h1:eRSPERbgtNPcGhD8UCthc6PmLEQXEWd3PRB5JTxsfmM=
github.com/tidwall/match v1.2.0 h1:0pt8FlkOwjN2fPt4bIl4BoNxb98gGHN2ObFEDkrfZnM=
github.com/tidwall/match v1.2.0/go.mod h1:eRSPERbgtNPcGhD8UCthc6PmLEQXEWd3PRB5JTxsfmM=
github.com/tidwall/pretty v1.2.0/go.mod h1:ITEVvHYasfjBbM0u2Pg8T2nJnzm8xPwvNhhsoaGGjNU=
github.com/tidwall/pretty v1.2.1 h1:qjsOFOWWQl+N3RsoF5/ssm1pHmJJwhjlSbZ51I6wMl4=
github.com/tidwall/pretty v1.2.1/go.mod h1:ITEVvHYasfjBbM0u2Pg8T2nJnzm8xPwvNhhsoaGGjNU=
github.com/tidwall/sjson v1.2.5 h1:kLy8mja+1c9jlljvWTlSazM7cKDRfJuR/bOJhcY5NcY=
github.com/tidwall/sjson v1.2.5/go.mod h1:Fvgq9kS/6ociJEDnK0Fk1cpYF4FIW6ZF7LAe+6jwd28=
github.com/xo/terminfo v0.0.0-20220910002029-abceb7e1c41e h1:JVG44RsyaB9T2KIHavMF/ppJZNG9ZpyihvCd0w101no=
github.com/xo/terminfo v0.0.0-20220910002029-abceb7e1c41e/go.mod h1:RbqR21r5mrJuqunuUZ/Dhy/avygyECGrLceyNeo4LiM=
go.opentelemetry.io/auto/sdk v1.2.1 h1:jXsnJ4Lmnqd11kwkBV2LgLoFMZKizbCi5fNZ/ipaZ64=
go.opentelemetry.io/auto/sdk v1.2.1/go.mod h1:KRTj+aOaElaLi+wW1kO/DZRXwkF4C5xPbEe3ZiIhN7Y=
go.opentelemetry.io/contrib/instrumentation/google.golang.org/grpc/otelgrpc v0.70.0 h1:oECp5f+hN7nkwjU/8BxQ/q23bGPb8FIrD839owX222E=
go.opentelemetry.io/contrib/instrumentation/google.golang.org/grpc/otelgrpc v0.70.0/go.mod h1:DqEFwLumhzMBDQv9PcWbyoDxHI/4lAk6CM4nJBH39sc=
go.opentelemetry.io/contrib/instrumentation/net/http/otelhttp v0.70.0 h1:LMuyCAyfalSjDyjdC65nK6N0zoTT63+E/u95X0JovZI=
go.opentelemetry.io/contrib/instrumentation/net/http/otelhttp v0.70.0/go.mod h1:085m8qbm4hgc8rZWGDEa4vmyyo2c3nPxUslYUKUIU04=
go.opentelemetry.io/otel v1.45.0 h1:pdrWmLHofpubmArBv1LgFSv1Z0Ie/ppdZzu+kUN5EeU=
go.opentelemetry.io/otel v1.45.0/go.mod h1:XZxIqPapzEYnhNSScF5DIqXhm/rYi0FzCe2XddAwZfQ=
go.opentelemetry.io/otel/metric v1.45.0 h1:7Eg1uH7CJ5cXv9is6tnBe1FI6rj1nwUdbFypRm3br/M=
go.opentelemetry.io/otel/metric v1.45.0/go.mod h1:HAPbm1nd3p1PmFH7v2dR+6BjXxw+Lq4a2+pndMAm08s=
go.opentelemetry.io/otel/sdk v1.45.0 h1:4VVSMgQ83dUgW2aoX5f6JgLvHwIvzcuLnF9lUdCSpCw=
go.opentelemetry.io/otel/sdk v1.45.0/go.mod h1:Sr40LgXV7DsKMMJMKOhUWOgMWTfAaqvm2kF0g7ilwuA=
go.opentelemetry.io/otel/sdk/metric v1.45.0 h1:oVFszMfyj1Am6s24Vtc7wBb8BKLcwepJjNEYILuiE3o=
go.opentelemetry.io/otel/sdk/metric v1.45.0/go.mod h1:vUWUxDZvu1WVRj8JA8S0AdhsPrZoDpA2DdZauIh4mDA=
go.opentelemetry.io/otel/trace v1.45.0 h1:l/mP6Uv7oNO7/TblbhpbgMidxhq1uO/rPsikOyVhxag=
go.opentelemetry.io/otel/trace v1.45.0/go.mod h1:qoJJA2xNMnxRrdISU/kLtfUH2wNeQbiv+jhs/CxI8bc=
go.uber.org/mock v0.6.0 h1:hyF9dfmbgIX5EfOdasqLsWD6xqpNZlXblLB/Dbnwv3Y=
go.uber.org/mock v0.6.0/go.mod h1:KiVJ4BqZJaMj4svdfmHM0AUx4NJYO8ZNpPnZn1Z+BBU=
go.yaml.in/yaml/v3 v3.0.4/go.mod h1:DhzuOOF2ATzADvBadXxruRBLzYTpT36CKvDb3+aBEFg=
go.yaml.in/yaml/v3 v3.0.5 h1:N6y/pJk8buWs9NY5ERU2HSMfm+IuD/OtfdAnq6kESPw=
go.yaml.in/yaml/v3 v3.0.5/go.mod h1:HVTZu1O7/Vkt2N+BFy8Zza+lnLsABggaTM2ZpNIGuKg=
go.yaml.in/yaml/v4 v4.0.0-rc.6 h1:1h7H1ohdUh93/FyE4YaDa1Zh64K6VVbjF4K6WUxMtH4=
go.yaml.in/yaml/v4 v4.0.0-rc.6/go.mod h1:aZqd9kCMsGL7AuUv/m/PvWLdg5sjJsZ4oHDEnfPPfY0=
golang.org/x/crypto v0.55.0 h1:+KWHjbgOaAQ66dh/YlkZKHlz9ZUlq61AFirAR9ntP8M=
golang.org/x/crypto v0.55.0/go.mod h1:uq0V9dE/fzQuJtbnL+2EhWOE63vo164FY8xqEnV9xis=
golang.org/x/crypto v0.56.0 h1:GUh5Ii4J5jtcseSMiRqr1jXCNHoxjeV9Fmekc2oLy6Y=
golang.org/x/crypto v0.56.0/go.mod h1:OMW5y6CY9l38uPLmxU6l6pwcXp1obtLo3e6gT7gQR2I=
golang.org/x/exp v0.0.0-20231006140011-7918f672742d h1:jtJma62tbqLibJ5sFQz8bKtEM8rJBtfilJ2qTU199MI=
golang.org/x/exp v0.0.0-20231006140011-7918f672742d/go.mod h1:ldy0pHrwJyGW56pPQzzkH36rKxoZW1tw7ZJpeKx+hdo=
golang.org/x/net v0.58.0 h1:ynWG7rqYi4ccpTEuPZ2QGWHktVEM9DMCj9yzDE0Q7To=
golang.org/x/net v0.58.0/go.mod h1:YwCddHnFlT7eLQqVprV19OnhLGtc5xOKgE0RyqgfWAU=
golang.org/x/oauth2 v0.36.0 h1:peZ/1z27fi9hUOFCAZaHyrpWG5lwe0RJEEEeH0ThlIs=
golang.org/x/oauth2 v0.36.0/go.mod h1:YDBUJMTkDnJS+A4BP4eZBjCqtokkg1hODuPjwiGPO7Q=
golang.org/x/sync v0.22.0 h1:SZjpbeLmrCk4xhRSZFNZW5gFUeCeFgjekvI/+gfScek=
golang.org/x/sync v0.22.0/go.mod h1:9xrNwdLfx4jkKbNva9FpL6vEN7evnE43NNNJQ2LF3+0=
golang.org/x/sys v0.47.0 h1:o7XGOvZQCADBQQ4Y7VNq2dRWQR7JmOUW8Kxx4ZsNgWs=
golang.org/x/sys v0.47.0/go.mod h1:4GL1E5IUh+htKOUEOaiffhrAeqysfVGipDYzABqnCmw=
golang.org/x/term v0.45.0 h1:NwWyBmoJCbfTHpxrWoZ9C6/VxOf7ic219I8xZZFdrf0=
golang.org/x/term v0.45.0/go.mod h1:9aqxs0blBcrm/n0L9QW0aRVD+ktan8ssZromtqJC43w=
golang.org/x/text v0.41.0 h1:vz/seA0lnX87Othu2f/0L24RcgrXD9/YFTSuGjj3rH8=
golang.org/x/text v0.41.0/go.mod h1:jvf1O8ajNzZqhSrQBPbutR/EB83Cc0CFrezNQIwbb5M=
golang.org/x/time v0.15.0 h1:bbrp8t3bGUeFOx08pvsMYRTCVSMk89u4tKbNOZbp88U=
golang.org/x/time v0.15.0/go.mod h1:Y4YMaQmXwGQZoFaVFk4YpCt4FLQMYKZe9oeV/f4MSno=
gonum.org/v1/gonum v0.17.0 h1:VbpOemQlsSMrYmn7T2OUvQ4dqxQXU+ouZFQsZOx50z4=
gonum.org/v1/gonum v0.17.0/go.mod h1:El3tOrEuMpv2UdMrbNlKEh9vd86bmQ6vqIcDwxEOc1E=
google.golang.org/api v0.295.0 h1:SSqFeEVjnK5SKo6t7D0E0M7EfX8SP7K0+OJd2Ly5FzU=
google.golang.org/api v0.295.0/go.mod h1:02qB8+Ox1ZFzcaKFMguy1nQLJmSIyvV6Ff4txJEXtl4=
google.golang.org/api v0.297.0 h1:WktxTsnnx0yZNnsR6j0q6hR21RnnK81FHTOPy/ux4OE=
google.golang.org/api v0.297.0/go.mod h1:S4m8x0M6OkQpkOzGk1y9JG2sm4fFQrMh6dxzjCTszhE=
google.golang.org/genproto v0.0.0-20260803160001-6ac0973c030d h1:33JLrUF0lFT31667SAtJzZAjLewV0ew5Mizks4caz0A=
google.golang.org/genproto v0.0.0-20260803160001-6ac0973c030d/go.mod h1:I7vGRdTamb7ukERkgP9I+0e4p21O4ak3cM7ICA3krg8=
google.golang.org/genproto/googleapis/api v0.0.0-20260803160001-6ac0973c030d h1:FarXi840EJWSHYTN3ERkADbPWjl307+FGrA22KAVjjc=
google.golang.org/genproto/googleapis/api v0.0.0-20260803160001-6ac0973c030d/go.mod h1:K/+WGbmBY7aNW1HDw1fJnKYo10i0DkAX6pows00dLig=
google.golang.org/genproto/googleapis/rpc v0.0.0-20260819154853-08b0e4226688 h1:cYNAzI2sUwhmCcoj9TxvihSrqsxt6uIkj3rDRhSDmW4=
google.golang.org/genproto/googleapis/rpc v0.0.0-20260819154853-08b0e4226688/go.mod h1:DjtHYE8FKJLivXcBEjGwndXfIC23G0VpXiXKqG179uA=
google.golang.org/grpc v1.83.2 h1:EManeRomTObA0BU7I8vXgg/78uE5MJ9M8B39EX2WscU=
google.golang.org/grpc v1.83.2/go.mod h1:YPI1hK3kDked6iHvgX3tR0y+nX/qpMFKhPgFsokw1S8=
google.golang.org/protobuf v1.36.12 h1:pJOKDDOyeXErUroCihFAd5LQuwXBSpVnKGrj5o/fwxc=
google.golang.org/protobuf v1.36.12/go.mod h1:HTf+CrKn2C3g5S8VImy6tdcUvCska2kB7j23XfzDpco=
gopkg.in/check.v1 v0.0.0-20161208181325-20d25e280405/go.mod h1:Co6ibVJAznAaIkqp8huTwlJQCZ016jof/cbN4VW5Yz0=
gopkg.in/check.v1 v1.0.0-20201130134442-10cb98267c6c h1:Hei/4ADfdWqJk1ZMxUNpqntNwaWcugrBjAiHlqqRiVk=
gopkg.in/check.v1 v1.0.0-20201130134442-10cb98267c6c/go.mod h1:JHkPIbrfpd72SG/EVd6muEfDQjcINNoR0C8j2r3qZ4Q=
gopkg.in/yaml.v2 v2.2.2/go.mod h1:hI93XBmqTisBFMUTm0b8Fm+jr3Dg1NNxqwp+5A1VGuI=
gopkg.in/yaml.v2 v2.2.8 h1:obN1ZagJSUGI0Ek/LBmuj4SNLPfIny3KsKFopxRdj10=
gopkg.in/yaml.v2 v2.2.8/go.mod h1:hI93XBmqTisBFMUTm0b8Fm+jr3Dg1NNxqwp+5A1VGuI=
gopkg.in/yaml.v3 v3.0.1 h1:fxVm/GzAzEWqLHuvctI91KS9hhNmmWOoWu0XTYJS7CA=
gopkg.in/yaml.v3 v3.0.1/go.mod h1:K4uyk7z7BCEPqu6E+C64Yfv1cQ7kz7rIZviUmN+EgEM=
